
Microsoft Visual Studio Solution File, Format Version 12.00
# Visual Studio Version 17
VisualStudioVersion = 17.4.33403.182
MinimumVisualStudioVersion = 10.0.40219.1
Project("{FAE04EC0-301F-11D3-BF4B-00C04F79EFBC}") = "Gh.Actions.Poc", "Gh.Actions.Poc\Gh.Actions.Poc.csproj", "{83F0C576-060C-4FE2-854F-BD7F669B5583}"
EndProject
Global
	GlobalSection(SolutionConfigurationPlatforms) = preSolution
		Debug|Any CPU = Debug|Any CPU
		Release|Any CPU = Release|Any CPU
	EndGlobalSection
	GlobalSection(ProjectConfigurationPlatforms) = postSolution
		{83F0C576-060C-4FE2-854F-BD7F669B5583}.Debug|Any CPU.ActiveCfg = Debug|Any CPU
		{83F0C576-060C-4FE2-854F-BD7F669B5583}.Debug|Any CPU.Build.0 = Debug|Any CPU
		{83F0C576-060C-4FE2-854F-BD7F669B5583}.Release|Any CPU.ActiveCfg = Release|Any CPU
		{83F0C576-060C-4FE2-854F-BD7F669B5583}.Release|Any CPU.Build.0 = Release|Any CPU
	EndGlobalSection
	GlobalSection(SolutionProperties) = preSolution
		HideSolutionNode = FALSE
	EndGlobalSection
	GlobalSection(ExtensibilityGlobals) = postSolution
		SolutionGuid = {E8BB198E-339A-4F27-A21B-777C3C228251}
	EndGlobalSection
EndGlobal
